// !$*UTF8*$!
{
	archiveVersion = 1;
	classes = {
	};
	objectVersion = 50;
	objects = {

/* Begin PBXBuildFile section */
		E3988800254592F900DA2607 /* User.swift in Sources */ = {isa = PBXBuildFile; fileRef = E39887FF254592F900DA2607 /* User.swift */; };
		E39888092545C08300DA2607 /* UserInfoViewController.swift in Sources */ = {isa = PBXBuildFile; fileRef = E39888082545C08300DA2607 /* UserInfoViewController.swift */; };
		E398880C2545C5FC00DA2607 /* MoreAboutUserViewController.swift in Sources */ = {isa = PBXBuildFile; fileRef = E398880B2545C5FC00DA2607 /* MoreAboutUserViewController.swift */; };
		E39D5F0725435F05007AFEAD /* AppDelegate.swift in Sources */ = {isa = PBXBuildFile; fileRef = E39D5F0625435F05007AFEAD /* AppDelegate.swift */; };
		E39D5F0925435F05007AFEAD /* SceneDelegate.swift in Sources */ = {isa = PBXBuildFile; fileRef = E39D5F0825435F05007AFEAD /* SceneDelegate.swift */; };
		E39D5F0B25435F05007AFEAD /* LoginViewController.swift in Sources */ = {isa = PBXBuildFile; fileRef = E39D5F0A25435F05007AFEAD /* LoginViewController.swift */; };
		E39D5F0E25435F05007AFEAD /* Main.storyboard in Resources */ = {isa = PBXBuildFile; fileRef = E39D5F0C25435F05007AFEAD /* Main.storyboard */; };
		E39D5F1025435F06007AFEAD /* Assets.xcassets in Resources */ = {isa = PBXBuildFile; fileRef = E39D5F0F25435F06007AFEAD /* Assets.xcassets */; };
		E39D5F1325435F06007AFEAD /* LaunchScreen.storyboard in Resources */ = {isa = PBXBuildFile; fileRef = E39D5F1125435F06007AFEAD /* LaunchScreen.storyboard */; };
		E39D5F2025442FAB007AFEAD /* WelcomeViewController.swift in Sources */ = {isa = PBXBuildFile; fileRef = E39D5F1F25442FAB007AFEAD /* WelcomeViewController.swift */; };
		E3E7CF2025478D3A00899E9B /* AnotherUserPageViewController.swift in Sources */ = {isa = PBXBuildFile; fileRef = E3E7CF1F25478D3A00899E9B /* AnotherUserPageViewController.swift */; };
/* End PBXBuildFile section */

/* Begin PBXFileReference section */
		E39887FF254592F900DA2607 /* User.swift */ = {isa = PBXFileReference; lastKnownFileType = sourcecode.swift; path = User.swift; sourceTree = "<group>"; };
		E39888082545C08300DA2607 /* UserInfoViewController.swift */ = {isa = PBXFileReference; lastKnownFileType = sourcecode.swift; path = UserInfoViewController.swift; sourceTree = "<group>"; };
		E398880B2545C5FC00DA2607 /* MoreAboutUserViewController.swift */ = {isa = PBXFileReference; lastKnownFileType = sourcecode.swift; path = MoreAboutUserViewController.swift; sourceTree = "<group>"; };
		E39D5F0325435F05007AFEAD /* HW2.4_LoginApp.app */ = {isa = PBXFileReference; explicitFileType = wrapper.application; includeInIndex = 0; path = HW2.4_LoginApp.app; sourceTree = BUILT_PRODUCTS_DIR; };
		E39D5F0625435F05007AFEAD /* AppDelegate.swift */ = {isa = PBXFileReference; lastKnownFileType = sourcecode.swift; path = AppDelegate.swift; sourceTree = "<group>"; };
		E39D5F0825435F05007AFEAD /* SceneDelegate.swift */ = {isa = PBXFileReference; lastKnownFileType = sourcecode.swift; path = SceneDelegate.swift; sourceTree = "<group>"; };
		E39D5F0A25435F05007AFEAD /* LoginViewController.swift */ = {isa = PBXFileReference; lastKnownFileType = sourcecode.swift; path = LoginViewController.swift; sourceTree = "<group>"; };
		E39D5F0D25435F05007AFEAD /* Base */ = {isa = PBXFileReference; lastKnownFileType = file.storyboard; name = Base; path = Base.lproj/Main.storyboard; sourceTree = "<group>"; };
		E39D5F0F25435F06007AFEAD /* Assets.xcassets */ = {isa = PBXFileReference; lastKnownFileType = folder.assetcatalog; path = Assets.xcassets; sourceTree = "<group>"; };
		E39D5F1225435F06007AFEAD /* Base */ = {isa = PBXFileReference; lastKnownFileType = file.storyboard; name = Base; path = Base.lproj/LaunchScreen.storyboard; sourceTree = "<group>"; };
		E39D5F1425435F06007AFEAD /* Info.plist */ = {isa = PBXFileReference; lastKnownFileType = text.plist.xml; path = Info.plist; sourceTree = "<group>"; };
		E39D5F1F25442FAB007AFEAD /* WelcomeViewController.swift */ = {isa = PBXFileReference; lastKnownFileType = sourcecode.swift; path = WelcomeViewController.swift; sourceTree = "<group>"; };
		E3E7CF1F25478D3A00899E9B /* AnotherUserPageViewController.swift */ = {isa = PBXFileReference; lastKnownFileType = sourcecode.swift; path = AnotherUserPageViewController.swift; sourceTree = "<group>"; };
/* End PBXFileReference section */

/* Begin PBXFrameworksBuildPhase section */
		E39D5F0025435F05007AFEAD /* Frameworks */ = {
			isa = PBXFrameworksBuildPhase;
			buildActionMask = 2147483647;
			files = (
			);
			runOnlyForDeploymentPostprocessing = 0;
		};
/* End PBXFrameworksBuildPhase section */

/* Begin PBXGroup section */
		E39887FE254592D500DA2607 /* Models */ = {
			isa = PBXGroup;
			children = (
				E39887FF254592F900DA2607 /* User.swift */,
			);
			path = Models;
			sourceTree = "<group>";
		};
		E398880F2545F9D900DA2607 /* SupportingFiles */ = {
			isa = PBXGroup;
			children = (
				E39D5F0625435F05007AFEAD /* AppDelegate.swift */,
				E39D5F0825435F05007AFEAD /* SceneDelegate.swift */,
				E39D5F1425435F06007AFEAD /* Info.plist */,
			);
			path = SupportingFiles;
			sourceTree = "<group>";
		};
		E39888102545F9F900DA2607 /* Resources */ = {
			isa = PBXGroup;
			children = (
				E39D5F0F25435F06007AFEAD /* Assets.xcassets */,
			);
			path = Resources;
			sourceTree = "<group>";
		};
		E39D5EFA25435F05007AFEAD = {
			isa = PBXGroup;
			children = (
				E39D5F0525435F05007AFEAD /* HW2.4_LoginApp */,
				E39D5F0425435F05007AFEAD /* Products */,
			);
			sourceTree = "<group>";
		};
		E39D5F0425435F05007AFEAD /* Products */ = {
			isa = PBXGroup;
			children = (
				E39D5F0325435F05007AFEAD /* HW2.4_LoginApp.app */,
			);
			name = Products;
			sourceTree = "<group>";
		};
		E39D5F0525435F05007AFEAD /* HW2.4_LoginApp */ = {
			isa = PBXGroup;
			children = (
				E39887FE254592D500DA2607 /* Models */,
				E39D5F1B25442EF9007AFEAD /* Storyboards */,
				E39D5F1E25442F32007AFEAD /* Controllers */,
				E39888102545F9F900DA2607 /* Resources */,
				E398880F2545F9D900DA2607 /* SupportingFiles */,
			);
			path = HW2.4_LoginApp;
			sourceTree = "<group>";
		};
		E39D5F1B25442EF9007AFEAD /* Storyboards */ = {
			isa = PBXGroup;
			children = (
				E39D5F0C25435F05007AFEAD /* Main.storyboard */,
				E39D5F1125435F06007AFEAD /* LaunchScreen.storyboard */,
			);
			path = Storyboards;
			sourceTree = "<group>";
		};
		E39D5F1E25442F32007AFEAD /* Controllers */ = {
			isa = PBXGroup;
			children = (
				E39D5F0A25435F05007AFEAD /* LoginViewController.swift */,
				E39D5F1F25442FAB007AFEAD /* WelcomeViewController.swift */,
				E39888082545C08300DA2607 /* UserInfoViewController.swift */,
				E398880B2545C5FC00DA2607 /* MoreAboutUserViewController.swift */,
				E3E7CF1F25478D3A00899E9B /* AnotherUserPageViewController.swift */,
			);
			path = Controllers;
			sourceTree = "<group>";
		};
/* End PBXGroup section */

/* Begin PBXNativeTarget section */
		E39D5F0225435F05007AFEAD /* HW2.4_LoginApp */ = {
			isa = PBXNativeTarget;
			buildConfigurationList = E39D5F1725435F06007AFEAD /* Build configuration list for PBXNativeTarget "HW2.4_LoginApp" */;
			buildPhases = (
				E39D5EFF25435F05007AFEAD /* Sources */,
				E39D5F0025435F05007AFEAD /* Frameworks */,
				E39D5F0125435F05007AFEAD /* Resources */,
			);
			buildRules = (
			);
			dependencies = (
			);
			name = HW2.4_LoginApp;
			productName = HW2.4_LoginApp;
			productReference = E39D5F0325435F05007AFEAD /* HW2.4_LoginApp.app */;
			productType = "com.apple.product-type.application";
		};
/* End PBXNativeTarget section */

/* Begin PBXProject section */
		E39D5EFB25435F05007AFEAD /* Project object */ = {
			isa = PBXProject;
			attributes = {
				LastSwiftUpdateCheck = 1210;
				LastUpgradeCheck = 1210;
				TargetAttributes = {
					E39D5F0225435F05007AFEAD = {
						CreatedOnToolsVersion = 12.1;
					};
				};
			};
			buildConfigurationList = E39D5EFE25435F05007AFEAD /* Build configuration list for PBXProject "HW2.4_LoginApp" */;
			compatibilityVersion = "Xcode 9.3";
			developmentRegion = en;
			hasScannedForEncodings = 0;
			knownRegions = (
				en,
				Base,
			);
			mainGroup = E39D5EFA25435F05007AFEAD;
			productRefGroup = E39D5F0425435F05007AFEAD /* Products */;
			projectDirPath = "";
			projectRoot = "";
			targets = (
				E39D5F0225435F05007AFEAD /* HW2.4_LoginApp */,
			);
		};
/* End PBXProject section */

/* Begin PBXResourcesBuildPhase section */
		E39D5F0125435F05007AFEAD /* Resources */ = {
			isa = PBXResourcesBuildPhase;
			buildActionMask = 2147483647;
			files = (
				E39D5F1325435F06007AFEAD /* LaunchScreen.storyboard in Resources */,
				E39D5F1025435F06007AFEAD /* Assets.xcassets in Resources */,
				E39D5F0E25435F05007AFEAD /* Main.storyboard in Resources */,
			);
			runOnlyForDeploymentPostprocessing = 0;
		};
/* End PBXResourcesBuildPhase section */

/* Begin PBXSourcesBuildPhase section */
		E39D5EFF25435F05007AFEAD /* Sources */ = {
			isa = PBXSourcesBuildPhase;
			buildActionMask = 2147483647;
			files = (
				E39D5F0B25435F05007AFEAD /* LoginViewController.swift in Sources */,
				E398880C2545C5FC00DA2607 /* MoreAboutUserViewController.swift in Sources */,
				E3E7CF2025478D3A00899E9B /* AnotherUserPageViewController.swift in Sources */,
				E39888092545C08300DA2607 /* UserInfoViewController.swift in Sources */,
				E39D5F0725435F05007AFEAD /* AppDelegate.swift in Sources */,
				E39D5F2025442FAB007AFEAD /* WelcomeViewController.swift in Sources */,
				E3988800254592F900DA2607 /* User.swift in Sources */,
				E39D5F0925435F05007AFEAD /* SceneDelegate.swift in Sources */,
			);
			runOnlyForDeploymentPostprocessing = 0;
		};
/* End PBXSourcesBuildPhase section */

/* Begin PBXVariantGroup section */
		E39D5F0C25435F05007AFEAD /* Main.storyboard */ = {
			isa = PBXVariantGroup;
			children = (
				E39D5F0D25435F05007AFEAD /* Base */,
			);
			name = Main.storyboard;
			sourceTree = "<group>";
		};
		E39D5F1125435F06007AFEAD /* LaunchScreen.storyboard */ = {
			isa = PBXVariantGroup;
			children = (
				E39D5F1225435F06007AFEAD /* Base */,
			);
			name = LaunchScreen.storyboard;
			sourceTree = "<group>";
		};
/* End PBXVariantGroup section */

/* Begin XCBuildConfiguration section */
		E39D5F1525435F06007AFEAD /* Debug */ = {
			isa = XCBuildConfiguration;
			buildSettings = {
				ALWAYS_SEARCH_USER_PATHS = NO;
				CLANG_ANALYZER_NONNULL = YES;
				CLANG_ANALYZER_NUMBER_OBJECT_CONVERSION = YES_AGGRESSIVE;
				CLANG_CXX_LANGUAGE_STANDARD = "gnu++14";
				CLANG_CXX_LIBRARY = "libc++";
				CLANG_ENABLE_MODULES = YES;
				CLANG_ENABLE_OBJC_ARC = YES;
				CLANG_ENABLE_OBJC_WEAK = YES;
				CLANG_WARN_BLOCK_CAPTURE_AUTORELEASING = YES;
				CLANG_WARN_BOOL_CONVERSION = YES;
				CLANG_WARN_COMMA = YES;
				CLANG_WARN_CONSTANT_CONVERSION = YES;
				CLANG_WARN_DEPRECATED_OBJC_IMPLEMENTATIONS = YES;
				CLANG_WARN_DIRECT_OBJC_ISA_USAGE = YES_ERROR;
				CLANG_WARN_DOCUMENTATION_COMMENTS = YES;
				CLANG_WARN_EMPTY_BODY = YES;
				CLANG_WARN_ENUM_CONVERSION = YES;
				CLANG_WARN_INFINITE_RECURSION = YES;
				CLANG_WARN_INT_CONVERSION = YES;
				CLANG_WARN_NON_LITERAL_NULL_CONVERSION = YES;
				CLANG_WARN_OBJC_IMPLICIT_RETAIN_SELF = YES;
				CLANG_WARN_OBJC_LITERAL_CONVERSION = YES;
				CLANG_WARN_OBJC_ROOT_CLASS = YES_ERROR;
				CLANG_WARN_QUOTED_INCLUDE_IN_FRAMEWORK_HEADER = YES;
				CLANG_WARN_RANGE_LOOP_ANALYSIS = YES;
				CLANG_WARN_STRICT_PROTOTYPES = YES;
				CLANG_WARN_SUSPICIOUS_MOVE = YES;
				CLANG_WARN_UNGUARDED_AVAILABILITY = YES_AGGRESSIVE;
				CLANG_WARN_UNREACHABLE_CODE = YES;
				CLANG_WARN__DUPLICATE_METHOD_MATCH = YES;
				COPY_PHASE_STRIP = NO;
				DEBUG_INFORMATION_FORMAT = dwarf;
				ENABLE_STRICT_OBJC_MSGSEND = YES;
				ENABLE_TESTABILITY = YES;
				GCC_C_LANGUAGE_STANDARD = gnu11;
				GCC_DYNAMIC_NO_PIC = NO;
				GCC_NO_COMMON_BLOCKS = YES;
				GCC_OPTIMIZATION_LEVEL = 0;
				GCC_PREPROCESSOR_DEFINITIONS = (
					"DEBUG=1",
					"$(inherited)",
				);
				GCC_WARN_64_TO_32_BIT_CONVERSION = YES;
				GCC_WARN_ABOUT_RETURN_TYPE = YES_ERROR;
				GCC_WARN_UNDECLARED_SELECTOR = YES;
				GCC_WARN_UNINITIALIZED_AUTOS = YES_AGGRESSIVE;
				GCC_WARN_UNUSED_FUNCTION = YES;
				GCC_WARN_UNUSED_VARIABLE = YES;
				IPHONEOS_DEPLOYMENT_TARGET = 14.1;
				MTL_ENABLE_DEBUG_INFO = INCLUDE_SOURCE;
				MTL_FAST_MATH = YES;
				ONLY_ACTIVE_ARCH = YES;
				SDKROOT = iphoneos;
				SWIFT_ACTIVE_COMPILATION_CONDITIONS = DEBUG;
				SWIFT_OPTIMIZATION_LEVEL = "-Onone";
			};
			name = Debug;
		};
		E39D5F1625435F06007AFEAD /* Release */ = {
			isa = XCBuildConfiguration;
			buildSettings = {
				ALWAYS_SEARCH_USER_PATHS = NO;
				CLANG_ANALYZER_NONNULL = YES;
				CLANG_ANALYZER_NUMBER_OBJECT_CONVERSION = YES_AGGRESSIVE;
				CLANG_CXX_LANGUAGE_STANDARD = "gnu++14";
				CLANG_CXX_LIBRARY = "libc++";
				CLANG_ENABLE_MODULES = YES;
				CLANG_ENABLE_OBJC_ARC = YES;
				CLANG_ENABLE_OBJC_WEAK = YES;
				CLANG_WARN_BLOCK_CAPTURE_AUTORELEASING = YES;
				CLANG_WARN_BOOL_CONVERSION = YES;
				CLANG_WARN_COMMA = YES;
				CLANG_WARN_CONSTANT_CONVERSION = YES;
				CLANG_WARN_DEPRECATED_OBJC_IMPLEMENTATIONS = YES;
				CLANG_WARN_DIRECT_OBJC_ISA_USAGE = YES_ERROR;
				CLANG_WARN_DOCUMENTATION_COMMENTS = YES;
				CLANG_WARN_EMPTY_BODY = YES;
				CLANG_WARN_ENUM_CONVERSION = YES;
				CLANG_WARN_INFINITE_RECURSION = YES;
				CLANG_WARN_INT_CONVERSION = YES;
				CLANG_WARN_NON_LITERAL_NULL_CONVERSION = YES;
				CLANG_WARN_OBJC_IMPLICIT_RETAIN_SELF = YES;
				CLANG_WARN_OBJC_LITERAL_CONVERSION = YES;
				CLANG_WARN_OBJC_ROOT_CLASS = YES_ERROR;
				CLANG_WARN_QUOTED_INCLUDE_IN_FRAMEWORK_HEADER = YES;
				CLANG_WARN_RANGE_LOOP_ANALYSIS = YES;
				CLANG_WARN_STRICT_PROTOTYPES = YES;
				CLANG_WARN_SUSPICIOUS_MOVE = YES;
				CLANG_WARN_UNGUARDED_AVAILABILITY = YES_AGGRESSIVE;
				CLANG_WARN_UNREACHABLE_CODE = YES;
				CLANG_WARN__DUPLICATE_METHOD_MATCH = YES;
				COPY_PHASE_STRIP = NO;
				DEBUG_INFORMATION_FORMAT = "dwarf-with-dsym";
				ENABLE_NS_ASSERTIONS = NO;
				ENABLE_STRICT_OBJC_MSGSEND = YES;
				GCC_C_LANGUAGE_STANDARD = gnu11;
				GCC_NO_COMMON_BLOCKS = YES;
				GCC_WARN_64_TO_32_BIT_CONVERSION = YES;
				GCC_WARN_ABOUT_RETURN_TYPE = YES_ERROR;
				GCC_WARN_UNDECLARED_SELECTOR = YES;
				GCC_WARN_UNINITIALIZED_AUTOS = YES_AGGRESSIVE;
				GCC_WARN_UNUSED_FUNCTION = YES;
				GCC_WARN_UNUSED_VARIABLE = YES;
				IPHONEOS_DEPLOYMENT_TARGET = 14.1;
				MTL_ENABLE_DEBUG_INFO = NO;
				MTL_FAST_MATH = YES;
				SDKROOT = iphoneos;
				SWIFT_COMPILATION_MODE = wholemodule;
				SWIFT_OPTIMIZATION_LEVEL = "-O";
				VALIDATE_PRODUCT = YES;
			};
			name = Release;
		};
		E39D5F1825435F06007AFEAD /* Debug */ = {
			isa = XCBuildConfiguration;
			buildSettings = {
				ASSETCATALOG_COMPILER_APPICON_NAME = AppIcon;
				ASSETCATALOG_COMPILER_GLOBAL_ACCENT_COLOR_NAME = AccentColor;
				CODE_SIGN_STYLE = Automatic;
				INFOPLIST_FILE = HW2.4_LoginApp/SupportingFiles/Info.plist;
				LD_RUNPATH_SEARCH_PATHS = (
					"$(inherited)",
					"@executable_path/Frameworks",
				);
				PRODUCT_BUNDLE_IDENTIFIER = "homework.swiftbook.HW2-4-LoginApp";
				PRODUCT_NAME = "$(TARGET_NAME)";
				SWIFT_VERSION = 5.0;
				TARGETED_DEVICE_FAMILY = 1;
			};
			name = Debug;
		};
		E39D5F1925435F06007AFEAD /* Release */ = {
			isa = XCBuildConfiguration;
			buildSettings = {
				ASSETCATALOG_COMPILER_APPICON_NAME = AppIcon;
				ASSETCATALOG_COMPILER_GLOBAL_ACCENT_COLOR_NAME = AccentColor;
				CODE_SIGN_STYLE = Automatic;
				INFOPLIST_FILE = HW2.4_LoginApp/SupportingFiles/Info.plist;
				LD_RUNPATH_SEARCH_PATHS = (
					"$(inherited)",
					"@executable_path/Frameworks",
				);
				PRODUCT_BUNDLE_IDENTIFIER = "homework.swiftbook.HW2-4-LoginApp";
				PRODUCT_NAME = "$(TARGET_NAME)";
				SWIFT_VERSION = 5.0;
				TARGETED_DEVICE_FAMILY = 1;
			};
			name = Release;
		};
/* End XCBuildConfiguration section */

/* Begin XCConfigurationList section */
		E39D5EFE25435F05007AFEAD /* Build configuration list for PBXProject "HW2.4_LoginApp" */ = {
			isa = XCConfigurationList;
			buildConfigurations = (
				E39D5F1525435F06007AFEAD /* Debug */,
				E39D5F1625435F06007AFEAD /* Release */,
			);
			defaultConfigurationIsVisible = 0;
			defaultConfigurationName = Release;
		};
		E39D5F1725435F06007AFEAD /* Build configuration list for PBXNativeTarget "HW2.4_LoginApp" */ = {
			isa = XCConfigurationList;
			buildConfigurations = (
				E39D5F1825435F06007AFEAD /* Debug */,
				E39D5F1925435F06007AFEAD /* Release */,
			);
			defaultConfigurationIsVisible = 0;
			defaultConfigurationName = Release;
		};
/* End XCConfigurationList section */
	};
	rootObject = E39D5EFB25435F05007AFEAD /* Project object */;
}
